
Microsoft Visual Studio Solution File, Format Version 12.00
# Visual Studio Version 17
VisualStudioVersion = 17.2.32616.157
MinimumVisualStudioVersion = 10.0.40219.1
Project("{FAE04EC0-301F-11D3-BF4B-00C04F79EFBC}") = "ConsoleApp4", "ConsoleApp4\ConsoleApp4.csproj", "{C1152C13-07C1-46A9-B2E5-0B6552236BAE}"
EndProject
Global
	GlobalSection(SolutionConfigurationPlatforms) = preSolution
		Debug|Any CPU = Debug|Any CPU
		Release|Any CPU = Release|Any CPU
	EndGlobalSection
	GlobalSection(ProjectConfigurationPlatforms) = postSolution
		{C1152C13-07C1-46A9-B2E5-0B6552236BAE}.Debug|Any CPU.ActiveCfg = Debug|Any CPU
		{C1152C13-07C1-46A9-B2E5-0B6552236BAE}.Debug|Any CPU.Build.0 = Debug|Any CPU
		{C1152C13-07C1-46A9-B2E5-0B6552236BAE}.Release|Any CPU.ActiveCfg = Release|Any CPU
		{C1152C13-07C1-46A9-B2E5-0B6552236BAE}.Release|Any CPU.Build.0 = Release|Any CPU
	EndGlobalSection
	GlobalSection(SolutionProperties) = preSolution
		HideSolutionNode = FALSE
	EndGlobalSection
	GlobalSection(ExtensibilityGlobals) = postSolution
		SolutionGuid = {1721DF6E-9D66-4528-9B9B-1B4435D02595}
	EndGlobalSection
EndGlobal
